// !$*UTF8*$!
{
	archiveVersion = 1;
	classes = {
	};
	objectVersion = 50;
	objects = {

/* Begin PBXBuildFile section */
		630A97642705E21B006FB4F1 /* AppDelegate.swift in Sources */ = {isa = PBXBuildFile; fileRef = 630A97632705E21B006FB4F1 /* AppDelegate.swift */; };
		630A97662705E21B006FB4F1 /* SceneDelegate.swift in Sources */ = {isa = PBXBuildFile; fileRef = 630A97652705E21B006FB4F1 /* SceneDelegate.swift */; };
		630A976B2705E21B006FB4F1 /* Main.storyboard in Resources */ = {isa = PBXBuildFile; fileRef = 630A97692705E21B006FB4F1 /* Main.storyboard */; };
		630A976E2705E21B006FB4F1 /* Cineflix.xcdatamodeld in Sources */ = {isa = PBXBuildFile; fileRef = 630A976C2705E21B006FB4F1 /* Cineflix.xcdatamodeld */; };
		630A97702705E227006FB4F1 /* Assets.xcassets in Resources */ = {isa = PBXBuildFile; fileRef = 630A976F2705E227006FB4F1 /* Assets.xcassets */; };
		630A97732705E227006FB4F1 /* LaunchScreen.storyboard in Resources */ = {isa = PBXBuildFile; fileRef = 630A97712705E227006FB4F1 /* LaunchScreen.storyboard */; };
		630A97822705E326006FB4F1 /* CellViewController.swift in Sources */ = {isa = PBXBuildFile; fileRef = 630A97812705E326006FB4F1 /* CellViewController.swift */; };
		630A97862705E349006FB4F1 /* MovieTableViewController.swift in Sources */ = {isa = PBXBuildFile; fileRef = 630A97852705E349006FB4F1 /* MovieTableViewController.swift */; };
		630A97892705E508006FB4F1 /* MovieDatabaseManager.swift in Sources */ = {isa = PBXBuildFile; fileRef = 630A97882705E508006FB4F1 /* MovieDatabaseManager.swift */; };
		630A978D2709B264006FB4F1 /* DetailsViewController.swift in Sources */ = {isa = PBXBuildFile; fileRef = 630A978C2709B264006FB4F1 /* DetailsViewController.swift */; };
/* End PBXBuildFile section */

/* Begin PBXFileReference section */
		630A97602705E21B006FB4F1 /* Cineflix.app */ = {isa = PBXFileReference; explicitFileType = wrapper.application; includeInIndex = 0; path = Cineflix.app; sourceTree = BUILT_PRODUCTS_DIR; };
		630A97632705E21B006FB4F1 /* AppDelegate.swift */ = {isa = PBXFileReference; lastKnownFileType = sourcecode.swift; path = AppDelegate.swift; sourceTree = "<group>"; };
		630A97652705E21B006FB4F1 /* SceneDelegate.swift */ = {isa = PBXFileReference; lastKnownFileType = sourcecode.swift; path = SceneDelegate.swift; sourceTree = "<group>"; };
		630A976A2705E21B006FB4F1 /* Base */ = {isa = PBXFileReference; lastKnownFileType = file.storyboard; name = Base; path = Base.lproj/Main.storyboard; sourceTree = "<group>"; };
		630A976D2705E21B006FB4F1 /* Cineflix.xcdatamodel */ = {isa = PBXFileReference; lastKnownFileType = wrapper.xcdatamodel; path = Cineflix.xcdatamodel; sourceTree = "<group>"; };
		630A976F2705E227006FB4F1 /* Assets.xcassets */ = {isa = PBXFileReference; lastKnownFileType = folder.assetcatalog; path = Assets.xcassets; sourceTree = "<group>"; };
		630A97722705E227006FB4F1 /* Base */ = {isa = PBXFileReference; lastKnownFileType = file.storyboard; name = Base; path = Base.lproj/LaunchScreen.storyboard; sourceTree = "<group>"; };
		630A97742705E227006FB4F1 /* Info.plist */ = {isa = PBXFileReference; lastKnownFileType = text.plist.xml; path = Info.plist; sourceTree = "<group>"; };
		630A97812705E326006FB4F1 /* CellViewController.swift */ = {isa = PBXFileReference; lastKnownFileType = sourcecode.swift; path = CellViewController.swift; sourceTree = "<group>"; };
		630A97852705E349006FB4F1 /* MovieTableViewController.swift */ = {isa = PBXFileReference; lastKnownFileType = sourcecode.swift; path = MovieTableViewController.swift; sourceTree = "<group>"; };
		630A97882705E508006FB4F1 /* MovieDatabaseManager.swift */ = {isa = PBXFileReference; lastKnownFileType = sourcecode.swift; path = MovieDatabaseManager.swift; sourceTree = "<group>"; };
		630A978C2709B264006FB4F1 /* DetailsViewController.swift */ = {isa = PBXFileReference; lastKnownFileType = sourcecode.swift; path = DetailsViewController.swift; sourceTree = "<group>"; };
/* End PBXFileReference section */

/* Begin PBXFrameworksBuildPhase section */
		630A975D2705E21B006FB4F1 /* Frameworks */ = {
			isa = PBXFrameworksBuildPhase;
			buildActionMask = 2147483647;
			files = (
			);
			runOnlyForDeploymentPostprocessing = 0;
		};
/* End PBXFrameworksBuildPhase section */

/* Begin PBXGroup section */
		630A97572705E21B006FB4F1 = {
			isa = PBXGroup;
			children = (
				630A97622705E21B006FB4F1 /* Cineflix */,
				630A97612705E21B006FB4F1 /* Products */,
			);
			sourceTree = "<group>";
		};
		630A97612705E21B006FB4F1 /* Products */ = {
			isa = PBXGroup;
			children = (
				630A97602705E21B006FB4F1 /* Cineflix.app */,
			);
			name = Products;
			sourceTree = "<group>";
		};
		630A97622705E21B006FB4F1 /* Cineflix */ = {
			isa = PBXGroup;
			children = (
				630A977D2705E2D7006FB4F1 /* ViewController */,
				630A977C2705E2C9006FB4F1 /* Model */,
				630A97632705E21B006FB4F1 /* AppDelegate.swift */,
				630A97652705E21B006FB4F1 /* SceneDelegate.swift */,
				630A97692705E21B006FB4F1 /* Main.storyboard */,
				630A976F2705E227006FB4F1 /* Assets.xcassets */,
				630A97712705E227006FB4F1 /* LaunchScreen.storyboard */,
				630A97742705E227006FB4F1 /* Info.plist */,
				630A976C2705E21B006FB4F1 /* Cineflix.xcdatamodeld */,
			);
			path = Cineflix;
			sourceTree = "<group>";
		};
		630A977C2705E2C9006FB4F1 /* Model */ = {
			isa = PBXGroup;
			children = (
				630A97882705E508006FB4F1 /* MovieDatabaseManager.swift */,
			);
			path = Model;
			sourceTree = "<group>";
		};
		630A977D2705E2D7006FB4F1 /* ViewController */ = {
			isa = PBXGroup;
			children = (
				630A97812705E326006FB4F1 /* CellViewController.swift */,
				630A97852705E349006FB4F1 /* MovieTableViewController.swift */,
				630A978C2709B264006FB4F1 /* DetailsViewController.swift */,
			);
			path = ViewController;
			sourceTree = "<group>";
		};
/* End PBXGroup section */

/* Begin PBXNativeTarget section */
		630A975F2705E21B006FB4F1 /* Cineflix */ = {
			isa = PBXNativeTarget;
			buildConfigurationList = 630A97772705E227006FB4F1 /* Build configuration list for PBXNativeTarget "Cineflix" */;
			buildPhases = (
				630A975C2705E21B006FB4F1 /* Sources */,
				630A975D2705E21B006FB4F1 /* Frameworks */,
				630A975E2705E21B006FB4F1 /* Resources */,
			);
			buildRules = (
			);
			dependencies = (
			);
			name = Cineflix;
			productName = Cineflix;
			productReference = 630A97602705E21B006FB4F1 /* Cineflix.app */;
			productType = "com.apple.product-type.application";
		};
/* End PBXNativeTarget section */

/* Begin PBXProject section */
		630A97582705E21B006FB4F1 /* Project object */ = {
			isa = PBXProject;
			attributes = {
				LastSwiftUpdateCheck = 1230;
				LastUpgradeCheck = 1230;
				TargetAttributes = {
					630A975F2705E21B006FB4F1 = {
						CreatedOnToolsVersion = 12.3;
					};
				};
			};
			buildConfigurationList = 630A975B2705E21B006FB4F1 /* Build configuration list for PBXProject "Cineflix" */;
			compatibilityVersion = "Xcode 9.3";
			developmentRegion = en;
			hasScannedForEncodings = 0;
			knownRegions = (
				en,
				Base,
			);
			mainGroup = 630A97572705E21B006FB4F1;
			productRefGroup = 630A97612705E21B006FB4F1 /* Products */;
			projectDirPath = "";
			projectRoot = "";
			targets = (
				630A975F2705E21B006FB4F1 /* Cineflix */,
			);
		};
/* End PBXProject section */

/* Begin PBXResourcesBuildPhase section */
		630A975E2705E21B006FB4F1 /* Resources */ = {
			isa = PBXResourcesBuildPhase;
			buildActionMask = 2147483647;
			files = (
				630A97732705E227006FB4F1 /* LaunchScreen.storyboard in Resources */,
				630A97702705E227006FB4F1 /* Assets.xcassets in Resources */,
				630A976B2705E21B006FB4F1 /* Main.storyboard in Resources */,
			);
			runOnlyForDeploymentPostprocessing = 0;
		};
/* End PBXResourcesBuildPhase section */

/* Begin PBXSourcesBuildPhase section */
		630A975C2705E21B006FB4F1 /* Sources */ = {
			isa = PBXSourcesBuildPhase;
			buildActionMask = 2147483647;
			files = (
				630A97822705E326006FB4F1 /* CellViewController.swift in Sources */,
				630A97642705E21B006FB4F1 /* AppDelegate.swift in Sources */,
				630A97662705E21B006FB4F1 /* SceneDelegate.swift in Sources */,
				630A978D2709B264006FB4F1 /* DetailsViewController.swift in Sources */,
				630A976E2705E21B006FB4F1 /* Cineflix.xcdatamodeld in Sources */,
				630A97892705E508006FB4F1 /* MovieDatabaseManager.swift in Sources */,
				630A97862705E349006FB4F1 /* MovieTableViewController.swift in Sources */,
			);
			runOnlyForDeploymentPostprocessing = 0;
		};
/* End PBXSourcesBuildPhase section */

/* Begin PBXVariantGroup section */
		630A97692705E21B006FB4F1 /* Main.storyboard */ = {
			isa = PBXVariantGroup;
			children = (
				630A976A2705E21B006FB4F1 /* Base */,
			);
			name = Main.storyboard;
			sourceTree = "<group>";
		};
		630A97712705E227006FB4F1 /* LaunchScreen.storyboard */ = {
			isa = PBXVariantGroup;
			children = (
				630A97722705E227006FB4F1 /* Base */,
			);
			name = LaunchScreen.storyboard;
			sourceTree = "<group>";
		};
/* End PBXVariantGroup section */

/* Begin XCBuildConfiguration section */
		630A97752705E227006FB4F1 /* Debug */ = {
			isa = XCBuildConfiguration;
			buildSettings = {
				ALWAYS_SEARCH_USER_PATHS = NO;
				CLANG_ANALYZER_NONNULL = YES;
				CLANG_ANALYZER_NUMBER_OBJECT_CONVERSION = YES_AGGRESSIVE;
				CLANG_CXX_LANGUAGE_STANDARD = "gnu++14";
				CLANG_CXX_LIBRARY = "libc++";
				CLANG_ENABLE_MODULES = YES;
				CLANG_ENABLE_OBJC_ARC = YES;
				CLANG_ENABLE_OBJC_WEAK = YES;
				CLANG_WARN_BLOCK_CAPTURE_AUTORELEASING = YES;
				CLANG_WARN_BOOL_CONVERSION = YES;
				CLANG_WARN_COMMA = YES;
				CLANG_WARN_CONSTANT_CONVERSION = YES;
				CLANG_WARN_DEPRECATED_OBJC_IMPLEMENTATIONS = YES;
				CLANG_WARN_DIRECT_OBJC_ISA_USAGE = YES_ERROR;
				CLANG_WARN_DOCUMENTATION_COMMENTS = YES;
				CLANG_WARN_EMPTY_BODY = YES;
				CLANG_WARN_ENUM_CONVERSION = YES;
				CLANG_WARN_INFINITE_RECURSION = YES;
				CLANG_WARN_INT_CONVERSION = YES;
				CLANG_WARN_NON_LITERAL_NULL_CONVERSION = YES;
				CLANG_WARN_OBJC_IMPLICIT_RETAIN_SELF = YES;
				CLANG_WARN_OBJC_LITERAL_CONVERSION = YES;
				CLANG_WARN_OBJC_ROOT_CLASS = YES_ERROR;
				CLANG_WARN_QUOTED_INCLUDE_IN_FRAMEWORK_HEADER = YES;
				CLANG_WARN_RANGE_LOOP_ANALYSIS = YES;
				CLANG_WARN_STRICT_PROTOTYPES = YES;
				CLANG_WARN_SUSPICIOUS_MOVE = YES;
				CLANG_WARN_UNGUARDED_AVAILABILITY = YES_AGGRESSIVE;
				CLANG_WARN_UNREACHABLE_CODE = YES;
				CLANG_WARN__DUPLICATE_METHOD_MATCH = YES;
				COPY_PHASE_STRIP = NO;
				DEBUG_INFORMATION_FORMAT = dwarf;
				ENABLE_STRICT_OBJC_MSGSEND = YES;
				ENABLE_TESTABILITY = YES;
				GCC_C_LANGUAGE_STANDARD = gnu11;
				GCC_DYNAMIC_NO_PIC = NO;
				GCC_NO_COMMON_BLOCKS = YES;
				GCC_OPTIMIZATION_LEVEL = 0;
				GCC_PREPROCESSOR_DEFINITIONS = (
					"DEBUG=1",
					"$(inherited)",
				);
				GCC_WARN_64_TO_32_BIT_CONVERSION = YES;
				GCC_WARN_ABOUT_RETURN_TYPE = YES_ERROR;
				GCC_WARN_UNDECLARED_SELECTOR = YES;
				GCC_WARN_UNINITIALIZED_AUTOS = YES_AGGRESSIVE;
				GCC_WARN_UNUSED_FUNCTION = YES;
				GCC_WARN_UNUSED_VARIABLE = YES;
				IPHONEOS_DEPLOYMENT_TARGET = 14.3;
				MTL_ENABLE_DEBUG_INFO = INCLUDE_SOURCE;
				MTL_FAST_MATH = YES;
				ONLY_ACTIVE_ARCH = YES;
				SDKROOT = iphoneos;
				SWIFT_ACTIVE_COMPILATION_CONDITIONS = DEBUG;
				SWIFT_OPTIMIZATION_LEVEL = "-Onone";
			};
			name = Debug;
		};
		630A97762705E227006FB4F1 /* Release */ = {
			isa = XCBuildConfiguration;
			buildSettings = {
				ALWAYS_SEARCH_USER_PATHS = NO;
				CLANG_ANALYZER_NONNULL = YES;
				CLANG_ANALYZER_NUMBER_OBJECT_CONVERSION = YES_AGGRESSIVE;
				CLANG_CXX_LANGUAGE_STANDARD = "gnu++14";
				CLANG_CXX_LIBRARY = "libc++";
				CLANG_ENABLE_MODULES = YES;
				CLANG_ENABLE_OBJC_ARC = YES;
				CLANG_ENABLE_OBJC_WEAK = YES;
				CLANG_WARN_BLOCK_CAPTURE_AUTORELEASING = YES;
				CLANG_WARN_BOOL_CONVERSION = YES;
				CLANG_WARN_COMMA = YES;
				CLANG_WARN_CONSTANT_CONVERSION = YES;
				CLANG_WARN_DEPRECATED_OBJC_IMPLEMENTATIONS = YES;
				CLANG_WARN_DIRECT_OBJC_ISA_USAGE = YES_ERROR;
				CLANG_WARN_DOCUMENTATION_COMMENTS = YES;
				CLANG_WARN_EMPTY_BODY = YES;
				CLANG_WARN_ENUM_CONVERSION = YES;
				CLANG_WARN_INFINITE_RECURSION = YES;
				CLANG_WARN_INT_CONVERSION = YES;
				CLANG_WARN_NON_LITERAL_NULL_CONVERSION = YES;
				CLANG_WARN_OBJC_IMPLICIT_RETAIN_SELF = YES;
				CLANG_WARN_OBJC_LITERAL_CONVERSION = YES;
				CLANG_WARN_OBJC_ROOT_CLASS = YES_ERROR;
				CLANG_WARN_QUOTED_INCLUDE_IN_FRAMEWORK_HEADER = YES;
				CLANG_WARN_RANGE_LOOP_ANALYSIS = YES;
				CLANG_WARN_STRICT_PROTOTYPES = YES;
				CLANG_WARN_SUSPICIOUS_MOVE = YES;
				CLANG_WARN_UNGUARDED_AVAILABILITY = YES_AGGRESSIVE;
				CLANG_WARN_UNREACHABLE_CODE = YES;
				CLANG_WARN__DUPLICATE_METHOD_MATCH = YES;
				COPY_PHASE_STRIP = NO;
				DEBUG_INFORMATION_FORMAT = "dwarf-with-dsym";
				ENABLE_NS_ASSERTIONS = NO;
				ENABLE_STRICT_OBJC_MSGSEND = YES;
				GCC_C_LANGUAGE_STANDARD = gnu11;
				GCC_NO_COMMON_BLOCKS = YES;
				GCC_WARN_64_TO_32_BIT_CONVERSION = YES;
				GCC_WARN_ABOUT_RETURN_TYPE = YES_ERROR;
				GCC_WARN_UNDECLARED_SELECTOR = YES;
				GCC_WARN_UNINITIALIZED_AUTOS = YES_AGGRESSIVE;
				GCC_WARN_UNUSED_FUNCTION = YES;
				GCC_WARN_UNUSED_VARIABLE = YES;
				IPHONEOS_DEPLOYMENT_TARGET = 14.3;
				MTL_ENABLE_DEBUG_INFO = NO;
				MTL_FAST_MATH = YES;
				SDKROOT = iphoneos;
				SWIFT_COMPILATION_MODE = wholemodule;
				SWIFT_OPTIMIZATION_LEVEL = "-O";
				VALIDATE_PRODUCT = YES;
			};
			name = Release;
		};
		630A97782705E227006FB4F1 /* Debug */ = {
			isa = XCBuildConfiguration;
			buildSettings = {
				ASSETCATALOG_COMPILER_APPICON_NAME = AppIcon;
				ASSETCATALOG_COMPILER_GLOBAL_ACCENT_COLOR_NAME = AccentColor;
				CODE_SIGN_STYLE = Automatic;
				DEVELOPMENT_TEAM = G8462XKWM2;
				INFOPLIST_FILE = Cineflix/Info.plist;
				LD_RUNPATH_SEARCH_PATHS = (
					"$(inherited)",
					"@executable_path/Frameworks",
				);
				PRODUCT_BUNDLE_IDENTIFIER = emorel.Cineflix;
				PRODUCT_NAME = "$(TARGET_NAME)";
				SWIFT_VERSION = 5.0;
				TARGETED_DEVICE_FAMILY = "1,2";
			};
			name = Debug;
		};
		630A97792705E227006FB4F1 /* Release */ = {
			isa = XCBuildConfiguration;
			buildSettings = {
				ASSETCATALOG_COMPILER_APPICON_NAME = AppIcon;
				ASSETCATALOG_COMPILER_GLOBAL_ACCENT_COLOR_NAME = AccentColor;
				CODE_SIGN_STYLE = Automatic;
				DEVELOPMENT_TEAM = G8462XKWM2;
				INFOPLIST_FILE = Cineflix/Info.plist;
				LD_RUNPATH_SEARCH_PATHS = (
					"$(inherited)",
					"@executable_path/Frameworks",
				);
				PRODUCT_BUNDLE_IDENTIFIER = emorel.Cineflix;
				PRODUCT_NAME = "$(TARGET_NAME)";
				SWIFT_VERSION = 5.0;
				TARGETED_DEVICE_FAMILY = "1,2";
			};
			name = Release;
		};
/* End XCBuildConfiguration section */

/* Begin XCConfigurationList section */
		630A975B2705E21B006FB4F1 /* Build configuration list for PBXProject "Cineflix" */ = {
			isa = XCConfigurationList;
			buildConfigurations = (
				630A97752705E227006FB4F1 /* Debug */,
				630A97762705E227006FB4F1 /* Release */,
			);
			defaultConfigurationIsVisible = 0;
			defaultConfigurationName = Release;
		};
		630A97772705E227006FB4F1 /* Build configuration list for PBXNativeTarget "Cineflix" */ = {
			isa = XCConfigurationList;
			buildConfigurations = (
				630A97782705E227006FB4F1 /* Debug */,
				630A97792705E227006FB4F1 /* Release */,
			);
			defaultConfigurationIsVisible = 0;
			defaultConfigurationName = Release;
		};
/* End XCConfigurationList section */

/* Begin XCVersionGroup section */
		630A976C2705E21B006FB4F1 /* Cineflix.xcdatamodeld */ = {
			isa = XCVersionGroup;
			children = (
				630A976D2705E21B006FB4F1 /* Cineflix.xcdatamodel */,
			);
			currentVersion = 630A976D2705E21B006FB4F1 /* Cineflix.xcdatamodel */;
			path = Cineflix.xcdatamodeld;
			sourceTree = "<group>";
			versionGroupType = wrapper.xcdatamodel;
		};
/* End XCVersionGroup section */
	};
	rootObject = 630A97582705E21B006FB4F1 /* Project object */;
}
